
Microsoft Visual Studio Solution File, Format Version 12.00
# Visual Studio Version 16
VisualStudioVersion = 16.0.29025.244
MinimumVisualStudioVersion = 15.0.26124.0
Project("{2150E333-8FDC-42A3-9474-1A3956D46DE8}") = "IdentityServices", "IdentityServices", "{51489B55-1B2C-4748-B747-D7A5A7DAB1EB}"
EndProject
Project("{9A19103F-16F7-4668-BE54-9A1E7A4F7556}") = "Identity", "IdentityServices\Identity\Identity.csproj", "{1B435479-5F6C-453E-9E8F-58028A1916FA}"
EndProject
Project("{E53339B2-1760-4266-BCC7-CA923CBCF16C}") = "docker-compose", "docker-compose.dcproj", "{C4CEDE23-9C7A-4086-851A-F253441D1F4A}"
EndProject
Project("{9A19103F-16F7-4668-BE54-9A1E7A4F7556}") = "MVC", "MVC\MVC.csproj", "{EFE4BEEA-2FAA-4689-B615-3EE6D43E673F}"
EndProject
Global
	GlobalSection(SolutionConfigurationPlatforms) = preSolution
		Debug|Any CPU = Debug|Any CPU
		Debug|x64 = Debug|x64
		Debug|x86 = Debug|x86
		Release|Any CPU = Release|Any CPU
		Release|x64 = Release|x64
		Release|x86 = Release|x86
	EndGlobalSection
	GlobalSection(ProjectConfigurationPlatforms) = postSolution
		{1B435479-5F6C-453E-9E8F-58028A1916FA}.Debug|Any CPU.ActiveCfg = Debug|Any CPU
		{1B435479-5F6C-453E-9E8F-58028A1916FA}.Debug|Any CPU.Build.0 = Debug|Any CPU
		{1B435479-5F6C-453E-9E8F-58028A1916FA}.Debug|x64.ActiveCfg = Debug|Any CPU
		{1B435479-5F6C-453E-9E8F-58028A1916FA}.Debug|x64.Build.0 = Debug|Any CPU
		{1B435479-5F6C-453E-9E8F-58028A1916FA}.Debug|x86.ActiveCfg = Debug|Any CPU
		{1B435479-5F6C-453E-9E8F-58028A1916FA}.Debug|x86.Build.0 = Debug|Any CPU
		{1B435479-5F6C-453E-9E8F-58028A1916FA}.Release|Any CPU.ActiveCfg = Release|Any CPU
		{1B435479-5F6C-453E-9E8F-58028A1916FA}.Release|Any CPU.Build.0 = Release|Any CPU
		{1B435479-5F6C-453E-9E8F-58028A1916FA}.Release|x64.ActiveCfg = Release|Any CPU
		{1B435479-5F6C-453E-9E8F-58028A1916FA}.Release|x64.Build.0 = Release|Any CPU
		{1B435479-5F6C-453E-9E8F-58028A1916FA}.Release|x86.ActiveCfg = Release|Any CPU
		{1B435479-5F6C-453E-9E8F-58028A1916FA}.Release|x86.Build.0 = Release|Any CPU
		{C4CEDE23-9C7A-4086-851A-F253441D1F4A}.Debug|Any CPU.ActiveCfg = Debug|Any CPU
		{C4CEDE23-9C7A-4086-851A-F253441D1F4A}.Debug|x64.ActiveCfg = Debug|Any CPU
		{C4CEDE23-9C7A-4086-851A-F253441D1F4A}.Debug|x64.Build.0 = Debug|Any CPU
		{C4CEDE23-9C7A-4086-851A-F253441D1F4A}.Debug|x86.ActiveCfg = Debug|Any CPU
		{C4CEDE23-9C7A-4086-851A-F253441D1F4A}.Debug|x86.Build.0 = Debug|Any CPU
		{C4CEDE23-9C7A-4086-851A-F253441D1F4A}.Release|Any CPU.ActiveCfg = Release|Any CPU
		{C4CEDE23-9C7A-4086-851A-F253441D1F4A}.Release|Any CPU.Build.0 = Release|Any CPU
		{C4CEDE23-9C7A-4086-851A-F253441D1F4A}.Release|x64.ActiveCfg = Release|Any CPU
		{C4CEDE23-9C7A-4086-851A-F253441D1F4A}.Release|x64.Build.0 = Release|Any CPU
		{C4CEDE23-9C7A-4086-851A-F253441D1F4A}.Release|x86.ActiveCfg = Release|Any CPU
		{C4CEDE23-9C7A-4086-851A-F253441D1F4A}.Release|x86.Build.0 = Release|Any CPU
		{EFE4BEEA-2FAA-4689-B615-3EE6D43E673F}.Debug|Any CPU.ActiveCfg = Debug|Any CPU
		{EFE4BEEA-2FAA-4689-B615-3EE6D43E673F}.Debug|Any CPU.Build.0 = Debug|Any CPU
		{EFE4BEEA-2FAA-4689-B615-3EE6D43E673F}.Debug|x64.ActiveCfg = Debug|Any CPU
		{EFE4BEEA-2FAA-4689-B615-3EE6D43E673F}.Debug|x64.Build.0 = Debug|Any CPU
		{EFE4BEEA-2FAA-4689-B615-3EE6D43E673F}.Debug|x86.ActiveCfg = Debug|Any CPU
		{EFE4BEEA-2FAA-4689-B615-3EE6D43E673F}.Debug|x86.Build.0 = Debug|Any CPU
		{EFE4BEEA-2FAA-4689-B615-3EE6D43E673F}.Release|Any CPU.ActiveCfg = Release|Any CPU
		{EFE4BEEA-2FAA-4689-B615-3EE6D43E673F}.Release|Any CPU.Build.0 = Release|Any CPU
		{EFE4BEEA-2FAA-4689-B615-3EE6D43E673F}.Release|x64.ActiveCfg = Release|Any CPU
		{EFE4BEEA-2FAA-4689-B615-3EE6D43E673F}.Release|x64.Build.0 = Release|Any CPU
		{EFE4BEEA-2FAA-4689-B615-3EE6D43E673F}.Release|x86.ActiveCfg = Release|Any CPU
		{EFE4BEEA-2FAA-4689-B615-3EE6D43E673F}.Release|x86.Build.0 = Release|Any CPU
	EndGlobalSection
	GlobalSection(SolutionProperties) = preSolution
		HideSolutionNode = FALSE
	EndGlobalSection
	GlobalSection(NestedProjects) = preSolution
		{1B435479-5F6C-453E-9E8F-58028A1916FA} = {51489B55-1B2C-4748-B747-D7A5A7DAB1EB}
	EndGlobalSection
	GlobalSection(ExtensibilityGlobals) = postSolution
		SolutionGuid = {7C50D0D4-EDD6-429B-8DF5-5417798278B7}
	EndGlobalSection
EndGlobal
